
Microsoft Visual Studio Solution File, Format Version 12.00
# Visual Studio 15
VisualStudioVersion = 15.0.28307.168
MinimumVisualStudioVersion = 10.0.40219.1
Project("{FAE04EC0-301F-11D3-BF4B-00C04F79EFBC}") = "Vidly", "Vidly\Vidly.csproj", "{D6CD2DA0-1BEF-4B6A-AE5E-DF3E8A786D2F}"
EndProject
Project("{FAE04EC0-301F-11D3-BF4B-00C04F79EFBC}") = "Vidly.Tests", "Vidly.Tests\Vidly.Tests.csproj", "{1370D700-B014-412E-9347-9E2B53CE2125}"
EndProject
Global
	GlobalSection(SolutionConfigurationPlatforms) = preSolution
		Debug|Any CPU = Debug|Any CPU
		Release|Any CPU = Release|Any CPU
	EndGlobalSection
	GlobalSection(ProjectConfigurationPlatforms) = postSolution
		{D6CD2DA0-1BEF-4B6A-AE5E-DF3E8A786D2F}.Debug|Any CPU.ActiveCfg = Debug|Any CPU
		{D6CD2DA0-1BEF-4B6A-AE5E-DF3E8A786D2F}.Debug|Any CPU.Build.0 = Debug|Any CPU
		{D6CD2DA0-1BEF-4B6A-AE5E-DF3E8A786D2F}.Release|Any CPU.ActiveCfg = Release|Any CPU
		{D6CD2DA0-1BEF-4B6A-AE5E-DF3E8A786D2F}.Release|Any CPU.Build.0 = Release|Any CPU
		{1370D700-B014-412E-9347-9E2B53CE2125}.Debug|Any CPU.ActiveCfg = Debug|Any CPU
		{1370D700-B014-412E-9347-9E2B53CE2125}.Debug|Any CPU.Build.0 = Debug|Any CPU
		{1370D700-B014-412E-9347-9E2B53CE2125}.Release|Any CPU.ActiveCfg = Release|Any CPU
		{1370D700-B014-412E-9347-9E2B53CE2125}.Release|Any CPU.Build.0 = Release|Any CPU
	EndGlobalSection
	GlobalSection(SolutionProperties) = preSolution
		HideSolutionNode = FALSE
	EndGlobalSection
	GlobalSection(ExtensibilityGlobals) = postSolution
		SolutionGuid = {E0D66069-ADC7-4188-8AD4-5912232BF296}
	EndGlobalSection
EndGlobal
